
Microsoft Visual Studio Solution File, Format Version 12.00
# Visual Studio Version 17
VisualStudioVersion = 17.8.34330.188
MinimumVisualStudioVersion = 10.0.40219.1
Project("{FAE04EC0-301F-11D3-BF4B-00C04F79EFBC}") = "NajdAPI", "NajdAPI\NajdAPI.csproj", "{BF14D58C-DAD4-4CAF-A1CB-62C95BEB226E}"
EndProject
Global
	GlobalSection(SolutionConfigurationPlatforms) = preSolution
		Debug|Any CPU = Debug|Any CPU
		Release|Any CPU = Release|Any CPU
	EndGlobalSection
	GlobalSection(ProjectConfigurationPlatforms) = postSolution
		{BF14D58C-DAD4-4CAF-A1CB-62C95BEB226E}.Debug|Any CPU.ActiveCfg = Debug|Any CPU
		{BF14D58C-DAD4-4CAF-A1CB-62C95BEB226E}.Debug|Any CPU.Build.0 = Debug|Any CPU
		{BF14D58C-DAD4-4CAF-A1CB-62C95BEB226E}.Release|Any CPU.ActiveCfg = Release|Any CPU
		{BF14D58C-DAD4-4CAF-A1CB-62C95BEB226E}.Release|Any CPU.Build.0 = Release|Any CPU
	EndGlobalSection
	GlobalSection(SolutionProperties) = preSolution
		HideSolutionNode = FALSE
	EndGlobalSection
	GlobalSection(ExtensibilityGlobals) = postSolution
		SolutionGuid = {03EFAF3A-0949-412D-9B52-B092B63924ED}
	EndGlobalSection
EndGlobal
